{
  "pins" : [
    {
      "identity" : "trackasia-gl-native-distribution",
      "kind" : "remoteSourceControl",
      "location" : "https://github.com/track-asia/trackasia-gl-native-distribution",
      "state" : {
        "branch" : "1.0.3",
        "revision" : "9b0e719be92a2cb58830e1b78b7a851d2282cbe4"
      }
    }
  ],
  "version" : 2
}
