// !$*UTF8*$!
{
	archiveVersion = 1;
	classes = {
	};
	objectVersion = 56;
	objects = {

/* Begin PBXBuildFile section */
		99EA7C632B294F9B00B58487 /* TrackAsiaDemoApp.swift in Sources */ = {isa = PBXBuildFile; fileRef = 99EA7C622B294F9B00B58487 /* TrackAsiaDemoApp.swift */; };
		99EA7C652B294F9B00B58487 /* ContentView.swift in Sources */ = {isa = PBXBuildFile; fileRef = 99EA7C642B294F9B00B58487 /* ContentView.swift */; };
		99EA7C672B294F9C00B58487 /* Assets.xcassets in Resources */ = {isa = PBXBuildFile; fileRef = 99EA7C662B294F9C00B58487 /* Assets.xcassets */; };
		99EA7C6A2B294F9C00B58487 /* Preview Assets.xcassets in Resources */ = {isa = PBXBuildFile; fileRef = 99EA7C692B294F9C00B58487 /* Preview Assets.xcassets */; };
		99EA7C742B294F9D00B58487 /* TrackAsiaDemoTests.swift in Sources */ = {isa = PBXBuildFile; fileRef = 99EA7C732B294F9D00B58487 /* TrackAsiaDemoTests.swift */; };
		99EA7C7E2B294F9D00B58487 /* TrackAsiaDemoUITests.swift in Sources */ = {isa = PBXBuildFile; fileRef = 99EA7C7D2B294F9D00B58487 /* TrackAsiaDemoUITests.swift */; };
		99EA7C802B294F9D00B58487 /* TrackAsiaDemoUITestsLaunchTests.swift in Sources */ = {isa = PBXBuildFile; fileRef = 99EA7C7F2B294F9D00B58487 /* TrackAsiaDemoUITestsLaunchTests.swift */; };
		99EA7C8E2B29541600B58487 /* Mapbox in Frameworks */ = {isa = PBXBuildFile; productRef = 99EA7C8D2B29541600B58487 /* Mapbox */; };
		99EA7C912B29544F00B58487 /* MapView.swift in Sources */ = {isa = PBXBuildFile; fileRef = 99EA7C902B29544F00B58487 /* MapView.swift */; };
		99EA7C932B2957DD00B58487 /* MapSinglePointView.swift in Sources */ = {isa = PBXBuildFile; fileRef = 99EA7C922B2957DD00B58487 /* MapSinglePointView.swift */; };
		99EA7C982B29592C00B58487 /* MapFeatureView.swift in Sources */ = {isa = PBXBuildFile; fileRef = 99EA7C942B29592C00B58487 /* MapFeatureView.swift */; };
		99EA7C992B29592C00B58487 /* MapClutterView.swift in Sources */ = {isa = PBXBuildFile; fileRef = 99EA7C952B29592C00B58487 /* MapClutterView.swift */; };
		99EA7C9A2B29592C00B58487 /* MapWayPointView.swift in Sources */ = {isa = PBXBuildFile; fileRef = 99EA7C962B29592C00B58487 /* MapWayPointView.swift */; };
		99EA7C9B2B29592C00B58487 /* MapAnimationView.swift in Sources */ = {isa = PBXBuildFile; fileRef = 99EA7C972B29592C00B58487 /* MapAnimationView.swift */; };
		99EA7CA82B29B15300B58487 /* MapboxNavigation.xcframework in Frameworks */ = {isa = PBXBuildFile; fileRef = 99EA7C9F2B29B15200B58487 /* MapboxNavigation.xcframework */; };
		99EA7CA92B29B15300B58487 /* MapboxNavigation.xcframework in Embed Frameworks */ = {isa = PBXBuildFile; fileRef = 99EA7C9F2B29B15200B58487 /* MapboxNavigation.xcframework */; settings = {ATTRIBUTES = (CodeSignOnCopy, RemoveHeadersOnCopy, ); }; };
		99EA7CAA2B29B15300B58487 /* MapboxSpeech.xcframework in Frameworks */ = {isa = PBXBuildFile; fileRef = 99EA7CA02B29B15200B58487 /* MapboxSpeech.xcframework */; };
		99EA7CAB2B29B15300B58487 /* MapboxSpeech.xcframework in Embed Frameworks */ = {isa = PBXBuildFile; fileRef = 99EA7CA02B29B15200B58487 /* MapboxSpeech.xcframework */; settings = {ATTRIBUTES = (CodeSignOnCopy, RemoveHeadersOnCopy, ); }; };
		99EA7CAC2B29B15300B58487 /* Turf.xcframework in Frameworks */ = {isa = PBXBuildFile; fileRef = 99EA7CA12B29B15200B58487 /* Turf.xcframework */; };
		99EA7CAD2B29B15300B58487 /* Turf.xcframework in Embed Frameworks */ = {isa = PBXBuildFile; fileRef = 99EA7CA12B29B15200B58487 /* Turf.xcframework */; settings = {ATTRIBUTES = (CodeSignOnCopy, RemoveHeadersOnCopy, ); }; };
		99EA7CAE2B29B15300B58487 /* MapboxDirections.xcframework in Frameworks */ = {isa = PBXBuildFile; fileRef = 99EA7CA22B29B15200B58487 /* MapboxDirections.xcframework */; };
		99EA7CAF2B29B15300B58487 /* MapboxDirections.xcframework in Embed Frameworks */ = {isa = PBXBuildFile; fileRef = 99EA7CA22B29B15200B58487 /* MapboxDirections.xcframework */; settings = {ATTRIBUTES = (CodeSignOnCopy, RemoveHeadersOnCopy, ); }; };
		99EA7CB02B29B15300B58487 /* MapboxCoreNavigation.xcframework in Frameworks */ = {isa = PBXBuildFile; fileRef = 99EA7CA32B29B15200B58487 /* MapboxCoreNavigation.xcframework */; };
		99EA7CB12B29B15300B58487 /* MapboxCoreNavigation.xcframework in Embed Frameworks */ = {isa = PBXBuildFile; fileRef = 99EA7CA32B29B15200B58487 /* MapboxCoreNavigation.xcframework */; settings = {ATTRIBUTES = (CodeSignOnCopy, RemoveHeadersOnCopy, ); }; };
		99EA7CB22B29B15300B58487 /* MapboxGeocoder.xcframework in Frameworks */ = {isa = PBXBuildFile; fileRef = 99EA7CA42B29B15300B58487 /* MapboxGeocoder.xcframework */; };
		99EA7CB32B29B15300B58487 /* MapboxGeocoder.xcframework in Embed Frameworks */ = {isa = PBXBuildFile; fileRef = 99EA7CA42B29B15300B58487 /* MapboxGeocoder.xcframework */; settings = {ATTRIBUTES = (CodeSignOnCopy, RemoveHeadersOnCopy, ); }; };
		99EA7CB42B29B15300B58487 /* Solar.xcframework in Frameworks */ = {isa = PBXBuildFile; fileRef = 99EA7CA52B29B15300B58487 /* Solar.xcframework */; };
		99EA7CB52B29B15300B58487 /* Solar.xcframework in Embed Frameworks */ = {isa = PBXBuildFile; fileRef = 99EA7CA52B29B15300B58487 /* Solar.xcframework */; settings = {ATTRIBUTES = (CodeSignOnCopy, RemoveHeadersOnCopy, ); }; };
		99EA7CB62B29B15300B58487 /* Mapbox.framework in Frameworks */ = {isa = PBXBuildFile; fileRef = 99EA7CA62B29B15300B58487 /* Mapbox.framework */; };
		99EA7CB72B29B15300B58487 /* Mapbox.framework in Embed Frameworks */ = {isa = PBXBuildFile; fileRef = 99EA7CA62B29B15300B58487 /* Mapbox.framework */; settings = {ATTRIBUTES = (CodeSignOnCopy, RemoveHeadersOnCopy, ); }; };
		99EA7CB82B29B15300B58487 /* Polyline.xcframework in Frameworks */ = {isa = PBXBuildFile; fileRef = 99EA7CA72B29B15300B58487 /* Polyline.xcframework */; };
		99EA7CB92B29B15300B58487 /* Polyline.xcframework in Embed Frameworks */ = {isa = PBXBuildFile; fileRef = 99EA7CA72B29B15300B58487 /* Polyline.xcframework */; settings = {ATTRIBUTES = (CodeSignOnCopy, RemoveHeadersOnCopy, ); }; };
		E0EEC8E7A07DE06A2B89ACDC /* Pods_TrackAsiaDemo.framework in Frameworks */ = {isa = PBXBuildFile; fileRef = 9E9AA81442B5190DB3437D5D /* Pods_TrackAsiaDemo.framework */; };
/* End PBXBuildFile section */

/* Begin PBXContainerItemProxy section */
		99EA7C702B294F9D00B58487 /* PBXContainerItemProxy */ = {
			isa = PBXContainerItemProxy;
			containerPortal = 99EA7C572B294F9B00B58487 /* Project object */;
			proxyType = 1;
			remoteGlobalIDString = 99EA7C5E2B294F9B00B58487;
			remoteInfo = TrackAsiaDemo;
		};
		99EA7C7A2B294F9D00B58487 /* PBXContainerItemProxy */ = {
			isa = PBXContainerItemProxy;
			containerPortal = 99EA7C572B294F9B00B58487 /* Project object */;
			proxyType = 1;
			remoteGlobalIDString = 99EA7C5E2B294F9B00B58487;
			remoteInfo = TrackAsiaDemo;
		};
/* End PBXContainerItemProxy section */

/* Begin PBXCopyFilesBuildPhase section */
		99EA7CBA2B29B15300B58487 /* Embed Frameworks */ = {
			isa = PBXCopyFilesBuildPhase;
			buildActionMask = 2147483647;
			dstPath = "";
			dstSubfolderSpec = 10;
			files = (
				99EA7CAD2B29B15300B58487 /* Turf.xcframework in Embed Frameworks */,
				99EA7CB52B29B15300B58487 /* Solar.xcframework in Embed Frameworks */,
				99EA7CB92B29B15300B58487 /* Polyline.xcframework in Embed Frameworks */,
				99EA7CAB2B29B15300B58487 /* MapboxSpeech.xcframework in Embed Frameworks */,
				99EA7CB72B29B15300B58487 /* Mapbox.framework in Embed Frameworks */,
				99EA7CB12B29B15300B58487 /* MapboxCoreNavigation.xcframework in Embed Frameworks */,
				99EA7CAF2B29B15300B58487 /* MapboxDirections.xcframework in Embed Frameworks */,
				99EA7CB32B29B15300B58487 /* MapboxGeocoder.xcframework in Embed Frameworks */,
				99EA7CA92B29B15300B58487 /* MapboxNavigation.xcframework in Embed Frameworks */,
			);
			name = "Embed Frameworks";
			runOnlyForDeploymentPostprocessing = 0;
		};
/* End PBXCopyFilesBuildPhase section */

/* Begin PBXFileReference section */
		0610A57CF31C7EE196025E9F /* Pods-TrackAsiaDemo.release.xcconfig */ = {isa = PBXFileReference; includeInIndex = 1; lastKnownFileType = text.xcconfig; name = "Pods-TrackAsiaDemo.release.xcconfig"; path = "Target Support Files/Pods-TrackAsiaDemo/Pods-TrackAsiaDemo.release.xcconfig"; sourceTree = "<group>"; };
		99EA7C5F2B294F9B00B58487 /* TrackAsiaDemo.app */ = {isa = PBXFileReference; explicitFileType = wrapper.application; includeInIndex = 0; path = TrackAsiaDemo.app; sourceTree = BUILT_PRODUCTS_DIR; };
		99EA7C622B294F9B00B58487 /* TrackAsiaDemoApp.swift */ = {isa = PBXFileReference; lastKnownFileType = sourcecode.swift; path = TrackAsiaDemoApp.swift; sourceTree = "<group>"; };
		99EA7C642B294F9B00B58487 /* ContentView.swift */ = {isa = PBXFileReference; lastKnownFileType = sourcecode.swift; path = ContentView.swift; sourceTree = "<group>"; };
		99EA7C662B294F9C00B58487 /* Assets.xcassets */ = {isa = PBXFileReference; lastKnownFileType = folder.assetcatalog; path = Assets.xcassets; sourceTree = "<group>"; };
		99EA7C692B294F9C00B58487 /* Preview Assets.xcassets */ = {isa = PBXFileReference; lastKnownFileType = folder.assetcatalog; path = "Preview Assets.xcassets"; sourceTree = "<group>"; };
		99EA7C6F2B294F9D00B58487 /* TrackAsiaDemoTests.xctest */ = {isa = PBXFileReference; explicitFileType = wrapper.cfbundle; includeInIndex = 0; path = TrackAsiaDemoTests.xctest; sourceTree = BUILT_PRODUCTS_DIR; };
		99EA7C732B294F9D00B58487 /* TrackAsiaDemoTests.swift */ = {isa = PBXFileReference; lastKnownFileType = sourcecode.swift; path = TrackAsiaDemoTests.swift; sourceTree = "<group>"; };
		99EA7C792B294F9D00B58487 /* TrackAsiaDemoUITests.xctest */ = {isa = PBXFileReference; explicitFileType = wrapper.cfbundle; includeInIndex = 0; path = TrackAsiaDemoUITests.xctest; sourceTree = BUILT_PRODUCTS_DIR; };
		99EA7C7D2B294F9D00B58487 /* TrackAsiaDemoUITests.swift */ = {isa = PBXFileReference; lastKnownFileType = sourcecode.swift; path = TrackAsiaDemoUITests.swift; sourceTree = "<group>"; };
		99EA7C7F2B294F9D00B58487 /* TrackAsiaDemoUITestsLaunchTests.swift */ = {isa = PBXFileReference; lastKnownFileType = sourcecode.swift; path = TrackAsiaDemoUITestsLaunchTests.swift; sourceTree = "<group>"; };
		99EA7C902B29544F00B58487 /* MapView.swift */ = {isa = PBXFileReference; lastKnownFileType = sourcecode.swift; path = MapView.swift; sourceTree = "<group>"; };
		99EA7C922B2957DD00B58487 /* MapSinglePointView.swift */ = {isa = PBXFileReference; lastKnownFileType = sourcecode.swift; path = MapSinglePointView.swift; sourceTree = "<group>"; };
		99EA7C942B29592C00B58487 /* MapFeatureView.swift */ = {isa = PBXFileReference; fileEncoding = 4; lastKnownFileType = sourcecode.swift; path = MapFeatureView.swift; sourceTree = "<group>"; };
		99EA7C952B29592C00B58487 /* MapClutterView.swift */ = {isa = PBXFileReference; fileEncoding = 4; lastKnownFileType = sourcecode.swift; path = MapClutterView.swift; sourceTree = "<group>"; };
		99EA7C962B29592C00B58487 /* MapWayPointView.swift */ = {isa = PBXFileReference; fileEncoding = 4; lastKnownFileType = sourcecode.swift; path = MapWayPointView.swift; sourceTree = "<group>"; };
		99EA7C972B29592C00B58487 /* MapAnimationView.swift */ = {isa = PBXFileReference; fileEncoding = 4; lastKnownFileType = sourcecode.swift; path = MapAnimationView.swift; sourceTree = "<group>"; };
		99EA7C9F2B29B15200B58487 /* MapboxNavigation.xcframework */ = {isa = PBXFileReference; lastKnownFileType = wrapper.xcframework; name = MapboxNavigation.xcframework; path = libs/MapboxNavigation.xcframework; sourceTree = "<group>"; };
		99EA7CA02B29B15200B58487 /* MapboxSpeech.xcframework */ = {isa = PBXFileReference; lastKnownFileType = wrapper.xcframework; name = MapboxSpeech.xcframework; path = libs/MapboxSpeech.xcframework; sourceTree = "<group>"; };
		99EA7CA12B29B15200B58487 /* Turf.xcframework */ = {isa = PBXFileReference; lastKnownFileType = wrapper.xcframework; name = Turf.xcframework; path = libs/Turf.xcframework; sourceTree = "<group>"; };
		99EA7CA22B29B15200B58487 /* MapboxDirections.xcframework */ = {isa = PBXFileReference; lastKnownFileType = wrapper.xcframework; name = MapboxDirections.xcframework; path = libs/MapboxDirections.xcframework; sourceTree = "<group>"; };
		99EA7CA32B29B15200B58487 /* MapboxCoreNavigation.xcframework */ = {isa = PBXFileReference; lastKnownFileType = wrapper.xcframework; name = MapboxCoreNavigation.xcframework; path = libs/MapboxCoreNavigation.xcframework; sourceTree = "<group>"; };
		99EA7CA42B29B15300B58487 /* MapboxGeocoder.xcframework */ = {isa = PBXFileReference; lastKnownFileType = wrapper.xcframework; name = MapboxGeocoder.xcframework; path = libs/MapboxGeocoder.xcframework; sourceTree = "<group>"; };
		99EA7CA52B29B15300B58487 /* Solar.xcframework */ = {isa = PBXFileReference; lastKnownFileType = wrapper.xcframework; name = Solar.xcframework; path = libs/Solar.xcframework; sourceTree = "<group>"; };
		99EA7CA62B29B15300B58487 /* Mapbox.framework */ = {isa = PBXFileReference; lastKnownFileType = wrapper.framework; name = Mapbox.framework; path = libs/Mapbox.framework; sourceTree = "<group>"; };
		99EA7CA72B29B15300B58487 /* Polyline.xcframework */ = {isa = PBXFileReference; lastKnownFileType = wrapper.xcframework; name = Polyline.xcframework; path = libs/Polyline.xcframework; sourceTree = "<group>"; };
		9E9AA81442B5190DB3437D5D /* Pods_TrackAsiaDemo.framework */ = {isa = PBXFileReference; explicitFileType = wrapper.framework; includeInIndex = 0; path = Pods_TrackAsiaDemo.framework; sourceTree = BUILT_PRODUCTS_DIR; };
		D94DD88CE8E263C53A0A214F /* Pods-TrackAsiaDemo.debug.xcconfig */ = {isa = PBXFileReference; includeInIndex = 1; lastKnownFileType = text.xcconfig; name = "Pods-TrackAsiaDemo.debug.xcconfig"; path = "Target Support Files/Pods-TrackAsiaDemo/Pods-TrackAsiaDemo.debug.xcconfig"; sourceTree = "<group>"; };
/* End PBXFileReference section */

/* Begin PBXFrameworksBuildPhase section */
		99EA7C5C2B294F9B00B58487 /* Frameworks */ = {
			isa = PBXFrameworksBuildPhase;
			buildActionMask = 2147483647;
			files = (
				99EA7CB42B29B15300B58487 /* Solar.xcframework in Frameworks */,
				99EA7CB22B29B15300B58487 /* MapboxGeocoder.xcframework in Frameworks */,
				99EA7CA82B29B15300B58487 /* MapboxNavigation.xcframework in Frameworks */,
				99EA7C8E2B29541600B58487 /* Mapbox in Frameworks */,
				99EA7CAE2B29B15300B58487 /* MapboxDirections.xcframework in Frameworks */,
				99EA7CB82B29B15300B58487 /* Polyline.xcframework in Frameworks */,
				99EA7CAA2B29B15300B58487 /* MapboxSpeech.xcframework in Frameworks */,
				99EA7CAC2B29B15300B58487 /* Turf.xcframework in Frameworks */,
				E0EEC8E7A07DE06A2B89ACDC /* Pods_TrackAsiaDemo.framework in Frameworks */,
				99EA7CB02B29B15300B58487 /* MapboxCoreNavigation.xcframework in Frameworks */,
				99EA7CB62B29B15300B58487 /* Mapbox.framework in Frameworks */,
			);
			runOnlyForDeploymentPostprocessing = 0;
		};
		99EA7C6C2B294F9D00B58487 /* Frameworks */ = {
			isa = PBXFrameworksBuildPhase;
			buildActionMask = 2147483647;
			files = (
			);
			runOnlyForDeploymentPostprocessing = 0;
		};
		99EA7C762B294F9D00B58487 /* Frameworks */ = {
			isa = PBXFrameworksBuildPhase;
			buildActionMask = 2147483647;
			files = (
			);
			runOnlyForDeploymentPostprocessing = 0;
		};
/* End PBXFrameworksBuildPhase section */

/* Begin PBXGroup section */
		1ED0A6D6954A3C8548BA5643 /* Pods */ = {
			isa = PBXGroup;
			children = (
				D94DD88CE8E263C53A0A214F /* Pods-TrackAsiaDemo.debug.xcconfig */,
				0610A57CF31C7EE196025E9F /* Pods-TrackAsiaDemo.release.xcconfig */,
			);
			path = Pods;
			sourceTree = "<group>";
		};
		99EA7C562B294F9B00B58487 = {
			isa = PBXGroup;
			children = (
				99EA7C612B294F9B00B58487 /* TrackAsiaDemo */,
				99EA7C722B294F9D00B58487 /* TrackAsiaDemoTests */,
				99EA7C7C2B294F9D00B58487 /* TrackAsiaDemoUITests */,
				99EA7C602B294F9B00B58487 /* Products */,
				1ED0A6D6954A3C8548BA5643 /* Pods */,
				C606FEFF4ACD7ACE640250EE /* Frameworks */,
			);
			sourceTree = "<group>";
		};
		99EA7C602B294F9B00B58487 /* Products */ = {
			isa = PBXGroup;
			children = (
				99EA7C5F2B294F9B00B58487 /* TrackAsiaDemo.app */,
				99EA7C6F2B294F9D00B58487 /* TrackAsiaDemoTests.xctest */,
				99EA7C792B294F9D00B58487 /* TrackAsiaDemoUITests.xctest */,
			);
			name = Products;
			sourceTree = "<group>";
		};
		99EA7C612B294F9B00B58487 /* TrackAsiaDemo */ = {
			isa = PBXGroup;
			children = (
				99EA7C8F2B29542900B58487 /* mapview */,
				99EA7C622B294F9B00B58487 /* TrackAsiaDemoApp.swift */,
				99EA7C642B294F9B00B58487 /* ContentView.swift */,
				99EA7C972B29592C00B58487 /* MapAnimationView.swift */,
				99EA7C952B29592C00B58487 /* MapClutterView.swift */,
				99EA7C942B29592C00B58487 /* MapFeatureView.swift */,
				99EA7C962B29592C00B58487 /* MapWayPointView.swift */,
				99EA7C922B2957DD00B58487 /* MapSinglePointView.swift */,
				99EA7C662B294F9C00B58487 /* Assets.xcassets */,
				99EA7C682B294F9C00B58487 /* Preview Content */,
			);
			path = TrackAsiaDemo;
			sourceTree = "<group>";
		};
		99EA7C682B294F9C00B58487 /* Preview Content */ = {
			isa = PBXGroup;
			children = (
				99EA7C692B294F9C00B58487 /* Preview Assets.xcassets */,
			);
			path = "Preview Content";
			sourceTree = "<group>";
		};
		99EA7C722B294F9D00B58487 /* TrackAsiaDemoTests */ = {
			isa = PBXGroup;
			children = (
				99EA7C732B294F9D00B58487 /* TrackAsiaDemoTests.swift */,
			);
			path = TrackAsiaDemoTests;
			sourceTree = "<group>";
		};
		99EA7C7C2B294F9D00B58487 /* TrackAsiaDemoUITests */ = {
			isa = PBXGroup;
			children = (
				99EA7C7D2B294F9D00B58487 /* TrackAsiaDemoUITests.swift */,
				99EA7C7F2B294F9D00B58487 /* TrackAsiaDemoUITestsLaunchTests.swift */,
			);
			path = TrackAsiaDemoUITests;
			sourceTree = "<group>";
		};
		99EA7C8F2B29542900B58487 /* mapview */ = {
			isa = PBXGroup;
			children = (
				99EA7C9C2B296AE000B58487 /* Model */,
				99EA7C902B29544F00B58487 /* MapView.swift */,
			);
			path = mapview;
			sourceTree = "<group>";
		};
		99EA7C9C2B296AE000B58487 /* Model */ = {
			isa = PBXGroup;
			children = (
			);
			path = Model;
			sourceTree = "<group>";
		};
		C606FEFF4ACD7ACE640250EE /* Frameworks */ = {
			isa = PBXGroup;
			children = (
				99EA7CA62B29B15300B58487 /* Mapbox.framework */,
				99EA7CA32B29B15200B58487 /* MapboxCoreNavigation.xcframework */,
				99EA7CA22B29B15200B58487 /* MapboxDirections.xcframework */,
				99EA7CA42B29B15300B58487 /* MapboxGeocoder.xcframework */,
				99EA7C9F2B29B15200B58487 /* MapboxNavigation.xcframework */,
				99EA7CA02B29B15200B58487 /* MapboxSpeech.xcframework */,
				99EA7CA72B29B15300B58487 /* Polyline.xcframework */,
				99EA7CA52B29B15300B58487 /* Solar.xcframework */,
				99EA7CA12B29B15200B58487 /* Turf.xcframework */,
				9E9AA81442B5190DB3437D5D /* Pods_TrackAsiaDemo.framework */,
			);
			name = Frameworks;
			sourceTree = "<group>";
		};
/* End PBXGroup section */

/* Begin PBXNativeTarget section */
		99EA7C5E2B294F9B00B58487 /* TrackAsiaDemo */ = {
			isa = PBXNativeTarget;
			buildConfigurationList = 99EA7C832B294F9D00B58487 /* Build configuration list for PBXNativeTarget "TrackAsiaDemo" */;
			buildPhases = (
				3C8033A75DA2FFC5CF088315 /* [CP] Check Pods Manifest.lock */,
				99EA7C5B2B294F9B00B58487 /* Sources */,
				99EA7C5C2B294F9B00B58487 /* Frameworks */,
				99EA7C5D2B294F9B00B58487 /* Resources */,
				B9756C3555A5848BF32B6927 /* [CP] Embed Pods Frameworks */,
				99EA7CBA2B29B15300B58487 /* Embed Frameworks */,
			);
			buildRules = (
			);
			dependencies = (
			);
			name = TrackAsiaDemo;
			packageProductDependencies = (
				99EA7C8D2B29541600B58487 /* Mapbox */,
			);
			productName = TrackAsiaDemo;
			productReference = 99EA7C5F2B294F9B00B58487 /* TrackAsiaDemo.app */;
			productType = "com.apple.product-type.application";
		};
		99EA7C6E2B294F9D00B58487 /* TrackAsiaDemoTests */ = {
			isa = PBXNativeTarget;
			buildConfigurationList = 99EA7C862B294F9D00B58487 /* Build configuration list for PBXNativeTarget "TrackAsiaDemoTests" */;
			buildPhases = (
				99EA7C6B2B294F9D00B58487 /* Sources */,
				99EA7C6C2B294F9D00B58487 /* Frameworks */,
				99EA7C6D2B294F9D00B58487 /* Resources */,
			);
			buildRules = (
			);
			dependencies = (
				99EA7C712B294F9D00B58487 /* PBXTargetDependency */,
			);
			name = TrackAsiaDemoTests;
			productName = TrackAsiaDemoTests;
			productReference = 99EA7C6F2B294F9D00B58487 /* TrackAsiaDemoTests.xctest */;
			productType = "com.apple.product-type.bundle.unit-test";
		};
		99EA7C782B294F9D00B58487 /* TrackAsiaDemoUITests */ = {
			isa = PBXNativeTarget;
			buildConfigurationList = 99EA7C892B294F9D00B58487 /* Build configuration list for PBXNativeTarget "TrackAsiaDemoUITests" */;
			buildPhases = (
				99EA7C752B294F9D00B58487 /* Sources */,
				99EA7C762B294F9D00B58487 /* Frameworks */,
				99EA7C772B294F9D00B58487 /* Resources */,
			);
			buildRules = (
			);
			dependencies = (
				99EA7C7B2B294F9D00B58487 /* PBXTargetDependency */,
			);
			name = TrackAsiaDemoUITests;
			productName = TrackAsiaDemoUITests;
			productReference = 99EA7C792B294F9D00B58487 /* TrackAsiaDemoUITests.xctest */;
			productType = "com.apple.product-type.bundle.ui-testing";
		};
/* End PBXNativeTarget section */

/* Begin PBXProject section */
		99EA7C572B294F9B00B58487 /* Project object */ = {
			isa = PBXProject;
			attributes = {
				BuildIndependentTargetsInParallel = 1;
				LastSwiftUpdateCheck = 1500;
				LastUpgradeCheck = 1500;
				TargetAttributes = {
					99EA7C5E2B294F9B00B58487 = {
						CreatedOnToolsVersion = 15.0.1;
					};
					99EA7C6E2B294F9D00B58487 = {
						CreatedOnToolsVersion = 15.0.1;
						TestTargetID = 99EA7C5E2B294F9B00B58487;
					};
					99EA7C782B294F9D00B58487 = {
						CreatedOnToolsVersion = 15.0.1;
						TestTargetID = 99EA7C5E2B294F9B00B58487;
					};
				};
			};
			buildConfigurationList = 99EA7C5A2B294F9B00B58487 /* Build configuration list for PBXProject "TrackAsiaDemo" */;
			compatibilityVersion = "Xcode 14.0";
			developmentRegion = en;
			hasScannedForEncodings = 0;
			knownRegions = (
				en,
				Base,
			);
			mainGroup = 99EA7C562B294F9B00B58487;
			packageReferences = (
				99EA7C8C2B29541600B58487 /* XCRemoteSwiftPackageReference "trackasia-gl-native-distribution" */,
			);
			productRefGroup = 99EA7C602B294F9B00B58487 /* Products */;
			projectDirPath = "";
			projectRoot = "";
			targets = (
				99EA7C5E2B294F9B00B58487 /* TrackAsiaDemo */,
				99EA7C6E2B294F9D00B58487 /* TrackAsiaDemoTests */,
				99EA7C782B294F9D00B58487 /* TrackAsiaDemoUITests */,
			);
		};
/* End PBXProject section */

/* Begin PBXResourcesBuildPhase section */
		99EA7C5D2B294F9B00B58487 /* Resources */ = {
			isa = PBXResourcesBuildPhase;
			buildActionMask = 2147483647;
			files = (
				99EA7C6A2B294F9C00B58487 /* Preview Assets.xcassets in Resources */,
				99EA7C672B294F9C00B58487 /* Assets.xcassets in Resources */,
			);
			runOnlyForDeploymentPostprocessing = 0;
		};
		99EA7C6D2B294F9D00B58487 /* Resources */ = {
			isa = PBXResourcesBuildPhase;
			buildActionMask = 2147483647;
			files = (
			);
			runOnlyForDeploymentPostprocessing = 0;
		};
		99EA7C772B294F9D00B58487 /* Resources */ = {
			isa = PBXResourcesBuildPhase;
			buildActionMask = 2147483647;
			files = (
			);
			runOnlyForDeploymentPostprocessing = 0;
		};
/* End PBXResourcesBuildPhase section */

/* Begin PBXShellScriptBuildPhase section */
		3C8033A75DA2FFC5CF088315 /* [CP] Check Pods Manifest.lock */ = {
			isa = PBXShellScriptBuildPhase;
			buildActionMask = 2147483647;
			files = (
			);
			inputFileListPaths = (
			);
			inputPaths = (
				"${PODS_PODFILE_DIR_PATH}/Podfile.lock",
				"${PODS_ROOT}/Manifest.lock",
			);
			name = "[CP] Check Pods Manifest.lock";
			outputFileListPaths = (
			);
			outputPaths = (
				"$(DERIVED_FILE_DIR)/Pods-TrackAsiaDemo-checkManifestLockResult.txt",
			);
			runOnlyForDeploymentPostprocessing = 0;
			shellPath = /bin/sh;
			shellScript = "diff \"${PODS_PODFILE_DIR_PATH}/Podfile.lock\" \"${PODS_ROOT}/Manifest.lock\" > /dev/null\nif [ $? != 0 ] ; then\n    # print error to STDERR\n    echo \"error: The sandbox is not in sync with the Podfile.lock. Run 'pod install' or update your CocoaPods installation.\" >&2\n    exit 1\nfi\n# This output is used by Xcode 'outputs' to avoid re-running this script phase.\necho \"SUCCESS\" > \"${SCRIPT_OUTPUT_FILE_0}\"\n";
			showEnvVarsInLog = 0;
		};
		B9756C3555A5848BF32B6927 /* [CP] Embed Pods Frameworks */ = {
			isa = PBXShellScriptBuildPhase;
			buildActionMask = 2147483647;
			files = (
			);
			inputFileListPaths = (
				"${PODS_ROOT}/Target Support Files/Pods-TrackAsiaDemo/Pods-TrackAsiaDemo-frameworks-${CONFIGURATION}-input-files.xcfilelist",
			);
			name = "[CP] Embed Pods Frameworks";
			outputFileListPaths = (
				"${PODS_ROOT}/Target Support Files/Pods-TrackAsiaDemo/Pods-TrackAsiaDemo-frameworks-${CONFIGURATION}-output-files.xcfilelist",
			);
			runOnlyForDeploymentPostprocessing = 0;
			shellPath = /bin/sh;
			shellScript = "\"${PODS_ROOT}/Target Support Files/Pods-TrackAsiaDemo/Pods-TrackAsiaDemo-frameworks.sh\"\n";
			showEnvVarsInLog = 0;
		};
/* End PBXShellScriptBuildPhase section */

/* Begin PBXSourcesBuildPhase section */
		99EA7C5B2B294F9B00B58487 /* Sources */ = {
			isa = PBXSourcesBuildPhase;
			buildActionMask = 2147483647;
			files = (
				99EA7C982B29592C00B58487 /* MapFeatureView.swift in Sources */,
				99EA7C932B2957DD00B58487 /* MapSinglePointView.swift in Sources */,
				99EA7C9B2B29592C00B58487 /* MapAnimationView.swift in Sources */,
				99EA7C652B294F9B00B58487 /* ContentView.swift in Sources */,
				99EA7C912B29544F00B58487 /* MapView.swift in Sources */,
				99EA7C9A2B29592C00B58487 /* MapWayPointView.swift in Sources */,
				99EA7C632B294F9B00B58487 /* TrackAsiaDemoApp.swift in Sources */,
				99EA7C992B29592C00B58487 /* MapClutterView.swift in Sources */,
			);
			runOnlyForDeploymentPostprocessing = 0;
		};
		99EA7C6B2B294F9D00B58487 /* Sources */ = {
			isa = PBXSourcesBuildPhase;
			buildActionMask = 2147483647;
			files = (
				99EA7C742B294F9D00B58487 /* TrackAsiaDemoTests.swift in Sources */,
			);
			runOnlyForDeploymentPostprocessing = 0;
		};
		99EA7C752B294F9D00B58487 /* Sources */ = {
			isa = PBXSourcesBuildPhase;
			buildActionMask = 2147483647;
			files = (
				99EA7C7E2B294F9D00B58487 /* TrackAsiaDemoUITests.swift in Sources */,
				99EA7C802B294F9D00B58487 /* TrackAsiaDemoUITestsLaunchTests.swift in Sources */,
			);
			runOnlyForDeploymentPostprocessing = 0;
		};
/* End PBXSourcesBuildPhase section */

/* Begin PBXTargetDependency section */
		99EA7C712B294F9D00B58487 /* PBXTargetDependency */ = {
			isa = PBXTargetDependency;
			target = 99EA7C5E2B294F9B00B58487 /* TrackAsiaDemo */;
			targetProxy = 99EA7C702B294F9D00B58487 /* PBXContainerItemProxy */;
		};
		99EA7C7B2B294F9D00B58487 /* PBXTargetDependency */ = {
			isa = PBXTargetDependency;
			target = 99EA7C5E2B294F9B00B58487 /* TrackAsiaDemo */;
			targetProxy = 99EA7C7A2B294F9D00B58487 /* PBXContainerItemProxy */;
		};
/* End PBXTargetDependency section */

/* Begin XCBuildConfiguration section */
		99EA7C812B294F9D00B58487 /* Debug */ = {
			isa = XCBuildConfiguration;
			buildSettings = {
				ALWAYS_SEARCH_USER_PATHS = NO;
				ASSETCATALOG_COMPILER_GENERATE_SWIFT_ASSET_SYMBOL_EXTENSIONS = YES;
				CLANG_ANALYZER_NONNULL = YES;
				CLANG_ANALYZER_NUMBER_OBJECT_CONVERSION = YES_AGGRESSIVE;
				CLANG_CXX_LANGUAGE_STANDARD = "gnu++20";
				CLANG_ENABLE_MODULES = YES;
				CLANG_ENABLE_OBJC_ARC = YES;
				CLANG_ENABLE_OBJC_WEAK = YES;
				CLANG_WARN_BLOCK_CAPTURE_AUTORELEASING = YES;
				CLANG_WARN_BOOL_CONVERSION = YES;
				CLANG_WARN_COMMA = YES;
				CLANG_WARN_CONSTANT_CONVERSION = YES;
				CLANG_WARN_DEPRECATED_OBJC_IMPLEMENTATIONS = YES;
				CLANG_WARN_DIRECT_OBJC_ISA_USAGE = YES_ERROR;
				CLANG_WARN_DOCUMENTATION_COMMENTS = YES;
				CLANG_WARN_EMPTY_BODY = YES;
				CLANG_WARN_ENUM_CONVERSION = YES;
				CLANG_WARN_INFINITE_RECURSION = YES;
				CLANG_WARN_INT_CONVERSION = YES;
				CLANG_WARN_NON_LITERAL_NULL_CONVERSION = YES;
				CLANG_WARN_OBJC_IMPLICIT_RETAIN_SELF = YES;
				CLANG_WARN_OBJC_LITERAL_CONVERSION = YES;
				CLANG_WARN_OBJC_ROOT_CLASS = YES_ERROR;
				CLANG_WARN_QUOTED_INCLUDE_IN_FRAMEWORK_HEADER = YES;
				CLANG_WARN_RANGE_LOOP_ANALYSIS = YES;
				CLANG_WARN_STRICT_PROTOTYPES = YES;
				CLANG_WARN_SUSPICIOUS_MOVE = YES;
				CLANG_WARN_UNGUARDED_AVAILABILITY = YES_AGGRESSIVE;
				CLANG_WARN_UNREACHABLE_CODE = YES;
				CLANG_WARN__DUPLICATE_METHOD_MATCH = YES;
				COPY_PHASE_STRIP = NO;
				DEBUG_INFORMATION_FORMAT = dwarf;
				ENABLE_STRICT_OBJC_MSGSEND = YES;
				ENABLE_TESTABILITY = YES;
				ENABLE_USER_SCRIPT_SANDBOXING = YES;
				GCC_C_LANGUAGE_STANDARD = gnu17;
				GCC_DYNAMIC_NO_PIC = NO;
				GCC_NO_COMMON_BLOCKS = YES;
				GCC_OPTIMIZATION_LEVEL = 0;
				GCC_PREPROCESSOR_DEFINITIONS = (
					"DEBUG=1",
					"$(inherited)",
				);
				GCC_WARN_64_TO_32_BIT_CONVERSION = YES;
				GCC_WARN_ABOUT_RETURN_TYPE = YES_ERROR;
				GCC_WARN_UNDECLARED_SELECTOR = YES;
				GCC_WARN_UNINITIALIZED_AUTOS = YES_AGGRESSIVE;
				GCC_WARN_UNUSED_FUNCTION = YES;
				GCC_WARN_UNUSED_VARIABLE = YES;
				IPHONEOS_DEPLOYMENT_TARGET = 17.0;
				LOCALIZATION_PREFERS_STRING_CATALOGS = YES;
				MTL_ENABLE_DEBUG_INFO = INCLUDE_SOURCE;
				MTL_FAST_MATH = YES;
				ONLY_ACTIVE_ARCH = YES;
				SDKROOT = iphoneos;
				SWIFT_ACTIVE_COMPILATION_CONDITIONS = "DEBUG $(inherited)";
				SWIFT_OPTIMIZATION_LEVEL = "-Onone";
			};
			name = Debug;
		};
		99EA7C822B294F9D00B58487 /* Release */ = {
			isa = XCBuildConfiguration;
			buildSettings = {
				ALWAYS_SEARCH_USER_PATHS = NO;
				ASSETCATALOG_COMPILER_GENERATE_SWIFT_ASSET_SYMBOL_EXTENSIONS = YES;
				CLANG_ANALYZER_NONNULL = YES;
				CLANG_ANALYZER_NUMBER_OBJECT_CONVERSION = YES_AGGRESSIVE;
				CLANG_CXX_LANGUAGE_STANDARD = "gnu++20";
				CLANG_ENABLE_MODULES = YES;
				CLANG_ENABLE_OBJC_ARC = YES;
				CLANG_ENABLE_OBJC_WEAK = YES;
				CLANG_WARN_BLOCK_CAPTURE_AUTORELEASING = YES;
				CLANG_WARN_BOOL_CONVERSION = YES;
				CLANG_WARN_COMMA = YES;
				CLANG_WARN_CONSTANT_CONVERSION = YES;
				CLANG_WARN_DEPRECATED_OBJC_IMPLEMENTATIONS = YES;
				CLANG_WARN_DIRECT_OBJC_ISA_USAGE = YES_ERROR;
				CLANG_WARN_DOCUMENTATION_COMMENTS = YES;
				CLANG_WARN_EMPTY_BODY = YES;
				CLANG_WARN_ENUM_CONVERSION = YES;
				CLANG_WARN_INFINITE_RECURSION = YES;
				CLANG_WARN_INT_CONVERSION = YES;
				CLANG_WARN_NON_LITERAL_NULL_CONVERSION = YES;
				CLANG_WARN_OBJC_IMPLICIT_RETAIN_SELF = YES;
				CLANG_WARN_OBJC_LITERAL_CONVERSION = YES;
				CLANG_WARN_OBJC_ROOT_CLASS = YES_ERROR;
				CLANG_WARN_QUOTED_INCLUDE_IN_FRAMEWORK_HEADER = YES;
				CLANG_WARN_RANGE_LOOP_ANALYSIS = YES;
				CLANG_WARN_STRICT_PROTOTYPES = YES;
				CLANG_WARN_SUSPICIOUS_MOVE = YES;
				CLANG_WARN_UNGUARDED_AVAILABILITY = YES_AGGRESSIVE;
				CLANG_WARN_UNREACHABLE_CODE = YES;
				CLANG_WARN__DUPLICATE_METHOD_MATCH = YES;
				COPY_PHASE_STRIP = NO;
				DEBUG_INFORMATION_FORMAT = "dwarf-with-dsym";
				ENABLE_NS_ASSERTIONS = NO;
				ENABLE_STRICT_OBJC_MSGSEND = YES;
				ENABLE_USER_SCRIPT_SANDBOXING = YES;
				GCC_C_LANGUAGE_STANDARD = gnu17;
				GCC_NO_COMMON_BLOCKS = YES;
				GCC_WARN_64_TO_32_BIT_CONVERSION = YES;
				GCC_WARN_ABOUT_RETURN_TYPE = YES_ERROR;
				GCC_WARN_UNDECLARED_SELECTOR = YES;
				GCC_WARN_UNINITIALIZED_AUTOS = YES_AGGRESSIVE;
				GCC_WARN_UNUSED_FUNCTION = YES;
				GCC_WARN_UNUSED_VARIABLE = YES;
				IPHONEOS_DEPLOYMENT_TARGET = 17.0;
				LOCALIZATION_PREFERS_STRING_CATALOGS = YES;
				MTL_ENABLE_DEBUG_INFO = NO;
				MTL_FAST_MATH = YES;
				SDKROOT = iphoneos;
				SWIFT_COMPILATION_MODE = wholemodule;
				VALIDATE_PRODUCT = YES;
			};
			name = Release;
		};
		99EA7C842B294F9D00B58487 /* Debug */ = {
			isa = XCBuildConfiguration;
			baseConfigurationReference = D94DD88CE8E263C53A0A214F /* Pods-TrackAsiaDemo.debug.xcconfig */;
			buildSettings = {
				ASSETCATALOG_COMPILER_APPICON_NAME = AppIcon;
				ASSETCATALOG_COMPILER_GLOBAL_ACCENT_COLOR_NAME = AccentColor;
				CODE_SIGN_STYLE = Automatic;
				CURRENT_PROJECT_VERSION = 1;
				DEVELOPMENT_ASSET_PATHS = "\"TrackAsiaDemo/Preview Content\"";
				DEVELOPMENT_TEAM = 3KK33PAP58;
				ENABLE_PREVIEWS = YES;
				ENABLE_USER_SCRIPT_SANDBOXING = NO;
				FRAMEWORK_SEARCH_PATHS = (
					"$(inherited)",
					"$(PROJECT_DIR)/libs",
				);
				GENERATE_INFOPLIST_FILE = YES;
				INFOPLIST_KEY_NSLocationAlwaysAndWhenInUseUsageDescription = "This allows us to track your real-time location and support you immediately if any problem occurs. You locations will also show in administrator’s monitor.";
				INFOPLIST_KEY_NSLocationWhenInUseUsageDescription = "This allows us to track your real-time location and support you immediately if any problem occurs. You locations will also show in administrator’s monitor.";
				INFOPLIST_KEY_UIApplicationSceneManifest_Generation = YES;
				INFOPLIST_KEY_UIApplicationSupportsIndirectInputEvents = YES;
				INFOPLIST_KEY_UILaunchScreen_Generation = YES;
				INFOPLIST_KEY_UISupportedInterfaceOrientations_iPad = "UIInterfaceOrientationPortrait UIInterfaceOrientationPortraitUpsideDown UIInterfaceOrientationLandscapeLeft UIInterfaceOrientationLandscapeRight";
				INFOPLIST_KEY_UISupportedInterfaceOrientations_iPhone = "UIInterfaceOrientationPortrait UIInterfaceOrientationLandscapeLeft UIInterfaceOrientationLandscapeRight";
				IPHONEOS_DEPLOYMENT_TARGET = 15.0;
				LD_RUNPATH_SEARCH_PATHS = (
					"$(inherited)",
					"@executable_path/Frameworks",
				);
				MARKETING_VERSION = 1.0;
				PRODUCT_BUNDLE_IDENTIFIER = "vn.track-asia.demo";
				PRODUCT_NAME = "$(TARGET_NAME)";
				SUPPORTED_PLATFORMS = "iphoneos iphonesimulator";
				SUPPORTS_MACCATALYST = NO;
				SUPPORTS_MAC_DESIGNED_FOR_IPHONE_IPAD = NO;
				SWIFT_EMIT_LOC_STRINGS = YES;
				SWIFT_VERSION = 5.0;
				TARGETED_DEVICE_FAMILY = 1;
			};
			name = Debug;
		};
		99EA7C852B294F9D00B58487 /* Release */ = {
			isa = XCBuildConfiguration;
			baseConfigurationReference = 0610A57CF31C7EE196025E9F /* Pods-TrackAsiaDemo.release.xcconfig */;
			buildSettings = {
				ASSETCATALOG_COMPILER_APPICON_NAME = AppIcon;
				ASSETCATALOG_COMPILER_GLOBAL_ACCENT_COLOR_NAME = AccentColor;
				CODE_SIGN_STYLE = Automatic;
				CURRENT_PROJECT_VERSION = 1;
				DEVELOPMENT_ASSET_PATHS = "\"TrackAsiaDemo/Preview Content\"";
				DEVELOPMENT_TEAM = 3KK33PAP58;
				ENABLE_PREVIEWS = YES;
				ENABLE_USER_SCRIPT_SANDBOXING = NO;
				FRAMEWORK_SEARCH_PATHS = (
					"$(inherited)",
					"$(PROJECT_DIR)/libs",
				);
				GENERATE_INFOPLIST_FILE = YES;
				INFOPLIST_KEY_NSLocationAlwaysAndWhenInUseUsageDescription = "This allows us to track your real-time location and support you immediately if any problem occurs. You locations will also show in administrator’s monitor.";
				INFOPLIST_KEY_NSLocationWhenInUseUsageDescription = "This allows us to track your real-time location and support you immediately if any problem occurs. You locations will also show in administrator’s monitor.";
				INFOPLIST_KEY_UIApplicationSceneManifest_Generation = YES;
				INFOPLIST_KEY_UIApplicationSupportsIndirectInputEvents = YES;
				INFOPLIST_KEY_UILaunchScreen_Generation = YES;
				INFOPLIST_KEY_UISupportedInterfaceOrientations_iPad = "UIInterfaceOrientationPortrait UIInterfaceOrientationPortraitUpsideDown UIInterfaceOrientationLandscapeLeft UIInterfaceOrientationLandscapeRight";
				INFOPLIST_KEY_UISupportedInterfaceOrientations_iPhone = "UIInterfaceOrientationPortrait UIInterfaceOrientationLandscapeLeft UIInterfaceOrientationLandscapeRight";
				IPHONEOS_DEPLOYMENT_TARGET = 15.0;
				LD_RUNPATH_SEARCH_PATHS = (
					"$(inherited)",
					"@executable_path/Frameworks",
				);
				MARKETING_VERSION = 1.0;
				PRODUCT_BUNDLE_IDENTIFIER = "vn.track-asia.demo";
				PRODUCT_NAME = "$(TARGET_NAME)";
				SUPPORTED_PLATFORMS = "iphoneos iphonesimulator";
				SUPPORTS_MACCATALYST = NO;
				SUPPORTS_MAC_DESIGNED_FOR_IPHONE_IPAD = NO;
				SWIFT_EMIT_LOC_STRINGS = YES;
				SWIFT_VERSION = 5.0;
				TARGETED_DEVICE_FAMILY = 1;
			};
			name = Release;
		};
		99EA7C872B294F9D00B58487 /* Debug */ = {
			isa = XCBuildConfiguration;
			buildSettings = {
				ALWAYS_EMBED_SWIFT_STANDARD_LIBRARIES = YES;
				BUNDLE_LOADER = "$(TEST_HOST)";
				CODE_SIGN_STYLE = Automatic;
				CURRENT_PROJECT_VERSION = 1;
				DEVELOPMENT_TEAM = 3KK33PAP58;
				GENERATE_INFOPLIST_FILE = YES;
				IPHONEOS_DEPLOYMENT_TARGET = 17.0;
				MARKETING_VERSION = 1.0;
				PRODUCT_BUNDLE_IDENTIFIER = "vn.track-asia.demo.TrackAsiaDemoTests";
				PRODUCT_NAME = "$(TARGET_NAME)";
				SWIFT_EMIT_LOC_STRINGS = NO;
				SWIFT_VERSION = 5.0;
				TARGETED_DEVICE_FAMILY = "1,2";
				TEST_HOST = "$(BUILT_PRODUCTS_DIR)/TrackAsiaDemo.app/$(BUNDLE_EXECUTABLE_FOLDER_PATH)/TrackAsiaDemo";
			};
			name = Debug;
		};
		99EA7C882B294F9D00B58487 /* Release */ = {
			isa = XCBuildConfiguration;
			buildSettings = {
				ALWAYS_EMBED_SWIFT_STANDARD_LIBRARIES = YES;
				BUNDLE_LOADER = "$(TEST_HOST)";
				CODE_SIGN_STYLE = Automatic;
				CURRENT_PROJECT_VERSION = 1;
				DEVELOPMENT_TEAM = 3KK33PAP58;
				GENERATE_INFOPLIST_FILE = YES;
				IPHONEOS_DEPLOYMENT_TARGET = 17.0;
				MARKETING_VERSION = 1.0;
				PRODUCT_BUNDLE_IDENTIFIER = "vn.track-asia.demo.TrackAsiaDemoTests";
				PRODUCT_NAME = "$(TARGET_NAME)";
				SWIFT_EMIT_LOC_STRINGS = NO;
				SWIFT_VERSION = 5.0;
				TARGETED_DEVICE_FAMILY = "1,2";
				TEST_HOST = "$(BUILT_PRODUCTS_DIR)/TrackAsiaDemo.app/$(BUNDLE_EXECUTABLE_FOLDER_PATH)/TrackAsiaDemo";
			};
			name = Release;
		};
		99EA7C8A2B294F9D00B58487 /* Debug */ = {
			isa = XCBuildConfiguration;
			buildSettings = {
				ALWAYS_EMBED_SWIFT_STANDARD_LIBRARIES = YES;
				CODE_SIGN_STYLE = Automatic;
				CURRENT_PROJECT_VERSION = 1;
				DEVELOPMENT_TEAM = 3KK33PAP58;
				GENERATE_INFOPLIST_FILE = YES;
				MARKETING_VERSION = 1.0;
				PRODUCT_BUNDLE_IDENTIFIER = "vn.track-asia.demo.TrackAsiaDemoUITests";
				PRODUCT_NAME = "$(TARGET_NAME)";
				SWIFT_EMIT_LOC_STRINGS = NO;
				SWIFT_VERSION = 5.0;
				TARGETED_DEVICE_FAMILY = "1,2";
				TEST_TARGET_NAME = TrackAsiaDemo;
			};
			name = Debug;
		};
		99EA7C8B2B294F9D00B58487 /* Release */ = {
			isa = XCBuildConfiguration;
			buildSettings = {
				ALWAYS_EMBED_SWIFT_STANDARD_LIBRARIES = YES;
				CODE_SIGN_STYLE = Automatic;
				CURRENT_PROJECT_VERSION = 1;
				DEVELOPMENT_TEAM = 3KK33PAP58;
				GENERATE_INFOPLIST_FILE = YES;
				MARKETING_VERSION = 1.0;
				PRODUCT_BUNDLE_IDENTIFIER = "vn.track-asia.demo.TrackAsiaDemoUITests";
				PRODUCT_NAME = "$(TARGET_NAME)";
				SWIFT_EMIT_LOC_STRINGS = NO;
				SWIFT_VERSION = 5.0;
				TARGETED_DEVICE_FAMILY = "1,2";
				TEST_TARGET_NAME = TrackAsiaDemo;
			};
			name = Release;
		};
/* End XCBuildConfiguration section */

/* Begin XCConfigurationList section */
		99EA7C5A2B294F9B00B58487 /* Build configuration list for PBXProject "TrackAsiaDemo" */ = {
			isa = XCConfigurationList;
			buildConfigurations = (
				99EA7C812B294F9D00B58487 /* Debug */,
				99EA7C822B294F9D00B58487 /* Release */,
			);
			defaultConfigurationIsVisible = 0;
			defaultConfigurationName = Release;
		};
		99EA7C832B294F9D00B58487 /* Build configuration list for PBXNativeTarget "TrackAsiaDemo" */ = {
			isa = XCConfigurationList;
			buildConfigurations = (
				99EA7C842B294F9D00B58487 /* Debug */,
				99EA7C852B294F9D00B58487 /* Release */,
			);
			defaultConfigurationIsVisible = 0;
			defaultConfigurationName = Release;
		};
		99EA7C862B294F9D00B58487 /* Build configuration list for PBXNativeTarget "TrackAsiaDemoTests" */ = {
			isa = XCConfigurationList;
			buildConfigurations = (
				99EA7C872B294F9D00B58487 /* Debug */,
				99EA7C882B294F9D00B58487 /* Release */,
			);
			defaultConfigurationIsVisible = 0;
			defaultConfigurationName = Release;
		};
		99EA7C892B294F9D00B58487 /* Build configuration list for PBXNativeTarget "TrackAsiaDemoUITests" */ = {
			isa = XCConfigurationList;
			buildConfigurations = (
				99EA7C8A2B294F9D00B58487 /* Debug */,
				99EA7C8B2B294F9D00B58487 /* Release */,
			);
			defaultConfigurationIsVisible = 0;
			defaultConfigurationName = Release;
		};
/* End XCConfigurationList section */

/* Begin XCRemoteSwiftPackageReference section */
		99EA7C8C2B29541600B58487 /* XCRemoteSwiftPackageReference "trackasia-gl-native-distribution" */ = {
			isa = XCRemoteSwiftPackageReference;
			repositoryURL = "https://github.com/track-asia/trackasia-gl-native-distribution";
			requirement = {
				branch = 1.0.2;
				kind = branch;
			};
		};
/* End XCRemoteSwiftPackageReference section */

/* Begin XCSwiftPackageProductDependency section */
		99EA7C8D2B29541600B58487 /* Mapbox */ = {
			isa = XCSwiftPackageProductDependency;
			package = 99EA7C8C2B29541600B58487 /* XCRemoteSwiftPackageReference "trackasia-gl-native-distribution" */;
			productName = Mapbox;
		};
/* End XCSwiftPackageProductDependency section */
	};
	rootObject = 99EA7C572B294F9B00B58487 /* Project object */;
}
